{
  "pins" : [
    {
      "identity" : "differencekit",
      "kind" : "remoteSourceControl",
      "location" : "https://github.com/ra1028/DifferenceKit",
      "state" : {
        "revision" : "073b9671ce2b9b5b96398611427a1f929927e428",
        "version" : "1.3.0"
      }
    },
    {
      "identity" : "grdb.swift",
      "kind" : "remoteSourceControl",
      "location" : "https://github.com/groue/GRDB.swift",
      "state" : {
        "revision" : "13e1f4d7c2896a6a9293102f664e5311e017ffb2",
        "version" : "6.1.0"
      }
    }
  ],
  "version" : 2
}
