{
  "pins" : [
    {
      "identity" : "differencekit",
      "kind" : "remoteSourceControl",
      "location" : "https://github.com/ra1028/DifferenceKit",
      "state" : {
        "revision" : "62745d7780deef4a023a792a1f8f763ec7bf9705",
        "version" : "1.2.0"
      }
    },
    {
      "identity" : "grdb.swift",
      "kind" : "remoteSourceControl",
      "location" : "https://github.com/groue/GRDB.swift",
      "state" : {
        "revision" : "32b2923e890df320906e64cbd0faca22a8bfda14",
        "version" : "5.12.0"
      }
    }
  ],
  "version" : 2
}
