{
  "originHash" : "7e14bddba3cc3fe662aa3d87ca49ba55455ac8a7a8f7f5555aa50d21c4b73ebf",
  "pins" : [
    {
      "identity" : "differencekit",
      "kind" : "remoteSourceControl",
      "location" : "https://github.com/ra1028/DifferenceKit",
      "state" : {
        "revision" : "073b9671ce2b9b5b96398611427a1f929927e428",
        "version" : "1.3.0"
      }
    },
    {
      "identity" : "grdb.swift",
      "kind" : "remoteSourceControl",
      "location" : "https://github.com/groue/GRDB.swift",
      "state" : {
        "revision" : "639fa9168d36931b36a79e60dc06b7d23852f1f4",
        "version" : "6.27.0"
      }
    }
  ],
  "version" : 3
}
